
Microsoft Visual Studio Solution File, Format Version 12.00
# Visual Studio 15
VisualStudioVersion = 15.0.28010.2036
MinimumVisualStudioVersion = 10.0.40219.1
Project("{FAE04EC0-301F-11D3-BF4B-00C04F79EFBC}") = "DetailedInfo", "DetailedInfo\DetailedInfo.csproj", "{744DBCA2-5382-47CB-BBA3-F6B2A962DE26}"
EndProject
Global
	GlobalSection(SolutionConfigurationPlatforms) = preSolution
		Debug|Any CPU = Debug|Any CPU
		Release|Any CPU = Release|Any CPU
	EndGlobalSection
	GlobalSection(ProjectConfigurationPlatforms) = postSolution
		{744DBCA2-5382-47CB-BBA3-F6B2A962DE26}.Debug|Any CPU.ActiveCfg = Debug|Any CPU
		{744DBCA2-5382-47CB-BBA3-F6B2A962DE26}.Debug|Any CPU.Build.0 = Debug|Any CPU
		{744DBCA2-5382-47CB-BBA3-F6B2A962DE26}.Release|Any CPU.ActiveCfg = Release|Any CPU
		{744DBCA2-5382-47CB-BBA3-F6B2A962DE26}.Release|Any CPU.Build.0 = Release|Any CPU
	EndGlobalSection
	GlobalSection(SolutionProperties) = preSolution
		HideSolutionNode = FALSE
	EndGlobalSection
	GlobalSection(ExtensibilityGlobals) = postSolution
		SolutionGuid = {D3497BC9-1E06-4537-B437-2F8408BF019A}
	EndGlobalSection
EndGlobal
